# Generated by pub
# See https://dart.dev/tools/pub/glossary#lockfile
packages:
  _flutterfire_internals:
    dependency: transitive
    description:
      name: _flutterfire_internals
      sha256: d84d98f1992976775f83083523a34c5d22fea191eec3abb2bd09537fb623c2e0
      url: "https://pub.dev"
    source: hosted
    version: "1.3.7"
  app_settings:
    dependency: "direct main"
    description:
      name: app_settings
      sha256: "476df1d85cec143c3d27dd1c7451629a59c0c5ccf70a0adcbfa92a0a2d928705"
      url: "https://pub.dev"
    source: hosted
    version: "5.2.0"
  archive:
    dependency: transitive
    description:
      name: archive
      sha256: cb6a278ef2dbb298455e1a713bda08524a175630ec643a242c399c932a0a1f7d
      url: "https://pub.dev"
    source: hosted
    version: "3.6.1"
  args:
    dependency: transitive
    description:
      name: args
      sha256: "4cab82a83ffef80b262ddedf47a0a8e56ee6fbf7fe21e6e768b02792034dd440"
      url: "https://pub.dev"
    source: hosted
    version: "2.4.0"
  async:
    dependency: transitive
    description:
      name: async
      sha256: "947bfcf187f74dbc5e146c9eb9c0f10c9f8b30743e341481c1e2ed3ecc18c20c"
      url: "https://pub.dev"
    source: hosted
    version: "2.11.0"
  boolean_selector:
    dependency: transitive
    description:
      name: boolean_selector
      sha256: "6cfb5af12253eaf2b368f07bacc5a80d1301a071c73360d746b7f2e32d762c66"
      url: "https://pub.dev"
    source: hosted
    version: "2.1.1"
  characters:
    dependency: transitive
    description:
      name: characters
      sha256: "04a925763edad70e8443c99234dc3328f442e811f1d8fd1a72f1c8ad0f69a605"
      url: "https://pub.dev"
    source: hosted
    version: "1.3.0"
  clock:
    dependency: transitive
    description:
      name: clock
      sha256: cb6d7f03e1de671e34607e909a7213e31d7752be4fb66a86d29fe1eb14bfb5cf
      url: "https://pub.dev"
    source: hosted
    version: "1.1.1"
  cloud_firestore:
    dependency: "direct main"
    description:
      name: cloud_firestore
      sha256: "0ad93f01816ab7e59560bffeece2d19cec872fedfea04a7ad5be418cad25d574"
      url: "https://pub.dev"
    source: hosted
    version: "4.4.5"
  cloud_firestore_platform_interface:
    dependency: transitive
    description:
      name: cloud_firestore_platform_interface
      sha256: "6255cf3ad845d44c6c69a7db51139c8d90691e435dd175578f6365f10c023fcc"
      url: "https://pub.dev"
    source: hosted
    version: "5.11.5"
  cloud_firestore_web:
    dependency: transitive
    description:
      name: cloud_firestore_web
      sha256: "3bc08abdeb21a59e80491aee827895aaa3c6da602bad9ab68d83e1ab13c951b1"
      url: "https://pub.dev"
    source: hosted
    version: "3.3.5"
  collection:
    dependency: transitive
    description:
      name: collection
      sha256: ee67cb0715911d28db6bf4af1026078bd6f0128b07a5f66fb2ed94ec6783c09a
      url: "https://pub.dev"
    source: hosted
    version: "1.18.0"
  connectivity_plus:
    dependency: "direct main"
    description:
      name: connectivity_plus
      sha256: "8875e8ed511a49f030e313656154e4bbbcef18d68dfd32eb853fac10bce48e96"
      url: "https://pub.dev"
    source: hosted
    version: "3.0.3"
  connectivity_plus_platform_interface:
    dependency: transitive
    description:
      name: connectivity_plus_platform_interface
      sha256: cf1d1c28f4416f8c654d7dc3cd638ec586076255d407cef3ddbdaf178272a71a
      url: "https://pub.dev"
    source: hosted
    version: "1.2.4"
  cross_file:
    dependency: transitive
    description:
      name: cross_file
      sha256: "0b0036e8cccbfbe0555fd83c1d31a6f30b77a96b598b35a5d36dd41f718695e9"
      url: "https://pub.dev"
    source: hosted
    version: "0.3.3+4"
  crypto:
    dependency: transitive
    description:
      name: crypto
      sha256: c8ea0233063ba03258fbcf2ca4d6dadfefe14f02fab57702265467a19f27fadf
      url: "https://pub.dev"
    source: hosted
    version: "3.0.7"
  cupertino_icons:
    dependency: "direct main"
    description:
      name: cupertino_icons
      sha256: e35129dc44c9118cee2a5603506d823bab99c68393879edb440e0090d07586be
      url: "https://pub.dev"
    source: hosted
    version: "1.0.5"
  curved_navigation_bar:
    dependency: "direct main"
    description:
      name: curved_navigation_bar
      sha256: ea6412d00c5d83501bbf1cf9d1ac2ff11a20fbaf910c103c95ace7de82910334
      url: "https://pub.dev"
    source: hosted
    version: "1.0.3"
  dbus:
    dependency: transitive
    description:
      name: dbus
      sha256: "6f07cba3f7b3448d42d015bfd3d53fe12e5b36da2423f23838efc1d5fb31a263"
      url: "https://pub.dev"
    source: hosted
    version: "0.7.8"
  fake_async:
    dependency: transitive
    description:
      name: fake_async
      sha256: "511392330127add0b769b75a987850d136345d9227c6b94c96a04cf4a391bf78"
      url: "https://pub.dev"
    source: hosted
    version: "1.3.1"
  ffi:
    dependency: transitive
    description:
      name: ffi
      sha256: "16ed7b077ef01ad6170a3d0c57caa4a112a38d7a2ed5602e0aca9ca6f3d98da6"
      url: "https://pub.dev"
    source: hosted
    version: "2.1.3"
  file:
    dependency: transitive
    description:
      name: file
      sha256: "1b92bec4fc2a72f59a8e15af5f52cd441e4a7860b49499d69dfa817af20e925d"
      url: "https://pub.dev"
    source: hosted
    version: "6.1.4"
  file_selector_linux:
    dependency: transitive
    description:
      name: file_selector_linux
      sha256: "54cbbd957e1156d29548c7d9b9ec0c0ebb6de0a90452198683a7d23aed617a33"
      url: "https://pub.dev"
    source: hosted
    version: "0.9.3+2"
  file_selector_macos:
    dependency: transitive
    description:
      name: file_selector_macos
      sha256: "271ab9986df0c135d45c3cdb6bd0faa5db6f4976d3e4b437cf7d0f258d941bfc"
      url: "https://pub.dev"
    source: hosted
    version: "0.9.4+2"
  file_selector_platform_interface:
    dependency: transitive
    description:
      name: file_selector_platform_interface
      sha256: "0aa47a725c346825a2bd396343ce63ac00bda6eff2fbc43eabe99737dede8262"
      url: "https://pub.dev"
    source: hosted
    version: "2.6.1"
  file_selector_windows:
    dependency: transitive
    description:
      name: file_selector_windows
      sha256: "320fcfb6f33caa90f0b58380489fc5ac05d99ee94b61aa96ec2bff0ba81d3c2b"
      url: "https://pub.dev"
    source: hosted
    version: "0.9.3+4"
  firebase_auth:
    dependency: "direct main"
    description:
      name: firebase_auth
      sha256: "94c229e296a5b9ee5c8cda918e0b320e3a0cc4f6a349cd410c427da347f2a244"
      url: "https://pub.dev"
    source: hosted
    version: "4.3.0"
  firebase_auth_platform_interface:
    dependency: transitive
    description:
      name: firebase_auth_platform_interface
      sha256: "1217d8aa313b49d58b489aa8879544563abc8793d9612ff20d8df193f202aedc"
      url: "https://pub.dev"
    source: hosted
    version: "6.12.0"
  firebase_auth_web:
    dependency: transitive
    description:
      name: firebase_auth_web
      sha256: bf7f1a87995a58b0f07dc617806dabd7ff25c64be7fa47b41ab1bb9a485b0062
      url: "https://pub.dev"
    source: hosted
    version: "5.2.10"
  firebase_core:
    dependency: "direct main"
    description:
      name: firebase_core
      sha256: "95580fa07c8ca3072a2bb1fecd792616a33f8683477d25b7d29d3a6a399e6ece"
      url: "https://pub.dev"
    source: hosted
    version: "2.17.0"
  firebase_core_platform_interface:
    dependency: transitive
    description:
      name: firebase_core_platform_interface
      sha256: b63e3be6c96ef5c33bdec1aab23c91eb00696f6452f0519401d640938c94cba2
      url: "https://pub.dev"
    source: hosted
    version: "4.8.0"
  firebase_core_web:
    dependency: transitive
    description:
      name: firebase_core_web
      sha256: e8c408923cd3a25bd342c576a114f2126769cd1a57106a4edeaa67ea4a84e962
      url: "https://pub.dev"
    source: hosted
    version: "2.8.0"
  firebase_storage:
    dependency: "direct main"
    description:
      name: firebase_storage
      sha256: "0a49413725587aa3ceaaa6233fdb2e32687e4972f13cd7277526219cd5acb398"
      url: "https://pub.dev"
    source: hosted
    version: "11.0.16"
  firebase_storage_platform_interface:
    dependency: transitive
    description:
      name: firebase_storage_platform_interface
      sha256: "88f8b8bb7181eef125536297f11b28171f59d2f53a59610e3966c2e38be3de4c"
      url: "https://pub.dev"
    source: hosted
    version: "4.4.7"
  firebase_storage_web:
    dependency: transitive
    description:
      name: firebase_storage_web
      sha256: bd05589cf17a8d5e2a90bdffcdab434c97e27bc37ca0056bfa90accf0366a7b0
      url: "https://pub.dev"
    source: hosted
    version: "3.6.8"
  flutter:
    dependency: "direct main"
    description: flutter
    source: sdk
    version: "0.0.0"
  flutter_barcode_scanner:
    dependency: "direct main"
    description:
      name: flutter_barcode_scanner
      sha256: a4ba37daf9933f451a5e812c753ddd045d6354e4a3280342d895b07fecaab3fa
      url: "https://pub.dev"
    source: hosted
    version: "2.0.0"
  flutter_lints:
    dependency: "direct dev"
    description:
      name: flutter_lints
      sha256: aeb0b80a8b3709709c9cc496cdc027c5b3216796bc0af0ce1007eaf24464fd4c
      url: "https://pub.dev"
    source: hosted
    version: "2.0.1"
  flutter_plugin_android_lifecycle:
    dependency: transitive
    description:
      name: flutter_plugin_android_lifecycle
      sha256: c224ac897bed083dabf11f238dd11a239809b446740be0c2044608c50029ffdf
      url: "https://pub.dev"
    source: hosted
    version: "2.0.9"
  flutter_speed_dial:
    dependency: "direct main"
    description:
      name: flutter_speed_dial
      sha256: "698a037274a66dbae8697c265440e6acb6ab6cae9ac5f95c749e7944d8f28d41"
      url: "https://pub.dev"
    source: hosted
    version: "7.0.0"
  flutter_svg:
    dependency: "direct main"
    description:
      name: flutter_svg
      sha256: "12006889e2987c549c4c1ec1a5ba4ec4b24d34d2469ee5f9476c926dcecff266"
      url: "https://pub.dev"
    source: hosted
    version: "2.0.4"
  flutter_test:
    dependency: "direct dev"
    description: flutter
    source: sdk
    version: "0.0.0"
  flutter_web_plugins:
    dependency: transitive
    description: flutter
    source: sdk
    version: "0.0.0"
  get:
    dependency: "direct main"
    description:
      name: get
      sha256: "5ed34a7925b85336e15d472cc4cfe7d9ebf4ab8e8b9f688585bf6b50f4c3d79a"
      url: "https://pub.dev"
    source: hosted
    version: "4.7.3"
  get_storage:
    dependency: "direct main"
    description:
      name: get_storage
      sha256: "39db1fffe779d0c22b3a744376e86febe4ade43bf65e06eab5af707dc84185a2"
      url: "https://pub.dev"
    source: hosted
    version: "2.1.1"
  http:
    dependency: "direct main"
    description:
      name: http
      sha256: "87721a4a50b19c7f1d49001e51409bddc46303966ce89a65af4f4e6004896412"
      url: "https://pub.dev"
    source: hosted
    version: "1.6.0"
  http_parser:
    dependency: transitive
    description:
      name: http_parser
      sha256: "2aa08ce0341cc9b354a498388e30986515406668dbcc4f7c950c3e715496693b"
      url: "https://pub.dev"
    source: hosted
    version: "4.0.2"
  image:
    dependency: "direct main"
    description:
      name: image
      sha256: "73964e3609fb96e01e69b0924b939967c556e46c7ff05db2ea9e31019000f4ef"
      url: "https://pub.dev"
    source: hosted
    version: "4.0.16"
  image_picker:
    dependency: "direct main"
    description:
      name: image_picker
      sha256: "1f498d086203360cca099d20ffea2963f48c39ce91bdd8a3b6d4a045786b02c8"
      url: "https://pub.dev"
    source: hosted
    version: "1.0.8"
  image_picker_android:
    dependency: transitive
    description:
      name: image_picker_android
      sha256: "844c6da4e4f2829dffdab97816bca09d0e0977e8dcef7450864aba4e07967a58"
      url: "https://pub.dev"
    source: hosted
    version: "0.8.9+6"
  image_picker_for_web:
    dependency: transitive
    description:
      name: image_picker_for_web
      sha256: "717eb042ab08c40767684327be06a5d8dbb341fe791d514e4b92c7bbe1b7bb83"
      url: "https://pub.dev"
    source: hosted
    version: "3.0.6"
  image_picker_ios:
    dependency: transitive
    description:
      name: image_picker_ios
      sha256: "917a5cadd67d052554cfb258595e54217de53fac5b52939426e26319a02e6297"
      url: "https://pub.dev"
    source: hosted
    version: "0.8.9+2"
  image_picker_linux:
    dependency: transitive
    description:
      name: image_picker_linux
      sha256: "34a65f6740df08bbbeb0a1abd8e6d32107941fd4868f67a507b25601651022c9"
      url: "https://pub.dev"
    source: hosted
    version: "0.2.1+2"
  image_picker_macos:
    dependency: transitive
    description:
      name: image_picker_macos
      sha256: "1b90ebbd9dcf98fb6c1d01427e49a55bd96b5d67b8c67cf955d60a5de74207c1"
      url: "https://pub.dev"
    source: hosted
    version: "0.2.1+2"
  image_picker_platform_interface:
    dependency: transitive
    description:
      name: image_picker_platform_interface
      sha256: "886d57f0be73c4b140004e78b9f28a8914a09e50c2d816bdd0520051a71236a0"
      url: "https://pub.dev"
    source: hosted
    version: "2.10.1"
  image_picker_windows:
    dependency: transitive
    description:
      name: image_picker_windows
      sha256: "6ad07afc4eb1bc25f3a01084d28520496c4a3bb0cb13685435838167c9dcedeb"
      url: "https://pub.dev"
    source: hosted
    version: "0.2.1+1"
  intl:
    dependency: transitive
    description:
      name: intl
      sha256: "910f85bce16fb5c6f614e117efa303e85a1731bb0081edf3604a2ae6e9a3cc91"
      url: "https://pub.dev"
    source: hosted
    version: "0.17.0"
  js:
    dependency: transitive
    description:
      name: js
      sha256: f2c445dce49627136094980615a031419f7f3eb393237e4ecd97ac15dea343f3
      url: "https://pub.dev"
    source: hosted
    version: "0.6.7"
  leak_tracker:
    dependency: transitive
    description:
      name: leak_tracker
      sha256: "3f87a60e8c63aecc975dda1ceedbc8f24de75f09e4856ea27daf8958f2f0ce05"
      url: "https://pub.dev"
    source: hosted
    version: "10.0.5"
  leak_tracker_flutter_testing:
    dependency: transitive
    description:
      name: leak_tracker_flutter_testing
      sha256: "932549fb305594d82d7183ecd9fa93463e9914e1b67cacc34bc40906594a1806"
      url: "https://pub.dev"
    source: hosted
    version: "3.0.5"
  leak_tracker_testing:
    dependency: transitive
    description:
      name: leak_tracker_testing
      sha256: "6ba465d5d76e67ddf503e1161d1f4a6bc42306f9d66ca1e8f079a47290fb06d3"
      url: "https://pub.dev"
    source: hosted
    version: "3.0.1"
  lints:
    dependency: transitive
    description:
      name: lints
      sha256: "5e4a9cd06d447758280a8ac2405101e0e2094d2a1dbdd3756aec3fe7775ba593"
      url: "https://pub.dev"
    source: hosted
    version: "2.0.1"
  lottie:
    dependency: "direct main"
    description:
      name: lottie
      sha256: "0cf78e7a3dd3431523a7debcf33ce4c41ecbfa113e2d10c24c3fe6667d55b556"
      url: "https://pub.dev"
    source: hosted
    version: "2.3.0"
  matcher:
    dependency: transitive
    description:
      name: matcher
      sha256: d2323aa2060500f906aa31a895b4030b6da3ebdcc5619d14ce1aada65cd161cb
      url: "https://pub.dev"
    source: hosted
    version: "0.12.16+1"
  material_color_utilities:
    dependency: transitive
    description:
      name: material_color_utilities
      sha256: f7142bb1154231d7ea5f96bc7bde4bda2a0945d2806bb11670e30b850d56bdec
      url: "https://pub.dev"
    source: hosted
    version: "0.11.1"
  meta:
    dependency: transitive
    description:
      name: meta
      sha256: bdb68674043280c3428e9ec998512fb681678676b3c54e773629ffe74419f8c7
      url: "https://pub.dev"
    source: hosted
    version: "1.15.0"
  mime:
    dependency: transitive
    description:
      name: mime
      sha256: "41a20518f0cb1256669420fdba0cd90d21561e560ac240f26ef8322e45bb7ed6"
      url: "https://pub.dev"
    source: hosted
    version: "2.0.0"
  nm:
    dependency: transitive
    description:
      name: nm
      sha256: "2c9aae4127bdc8993206464fcc063611e0e36e72018696cd9631023a31b24254"
      url: "https://pub.dev"
    source: hosted
    version: "0.5.0"
  path:
    dependency: transitive
    description:
      name: path
      sha256: "087ce49c3f0dc39180befefc60fdb4acd8f8620e5682fe2476afd0b3688bb4af"
      url: "https://pub.dev"
    source: hosted
    version: "1.9.0"
  path_parsing:
    dependency: transitive
    description:
      name: path_parsing
      sha256: e3e67b1629e6f7e8100b367d3db6ba6af4b1f0bb80f64db18ef1fbabd2fa9ccf
      url: "https://pub.dev"
    source: hosted
    version: "1.0.1"
  path_provider:
    dependency: "direct main"
    description:
      name: path_provider
      sha256: c7edf82217d4b2952b2129a61d3ad60f1075b9299e629e149a8d2e39c2e6aad4
      url: "https://pub.dev"
    source: hosted
    version: "2.0.14"
  path_provider_android:
    dependency: transitive
    description:
      name: path_provider_android
      sha256: "019f18c9c10ae370b08dce1f3e3b73bc9f58e7f087bb5e921f06529438ac0ae7"
      url: "https://pub.dev"
    source: hosted
    version: "2.0.24"
  path_provider_foundation:
    dependency: transitive
    description:
      name: path_provider_foundation
      sha256: "12eee51abdf4d34c590f043f45073adbb45514a108bd9db4491547a2fd891059"
      url: "https://pub.dev"
    source: hosted
    version: "2.2.0"
  path_provider_linux:
    dependency: transitive
    description:
      name: path_provider_linux
      sha256: "2ae08f2216225427e64ad224a24354221c2c7907e448e6e0e8b57b1eb9f10ad1"
      url: "https://pub.dev"
    source: hosted
    version: "2.1.10"
  path_provider_platform_interface:
    dependency: transitive
    description:
      name: path_provider_platform_interface
      sha256: "57585299a729335f1298b43245842678cb9f43a6310351b18fb577d6e33165ec"
      url: "https://pub.dev"
    source: hosted
    version: "2.0.6"
  path_provider_windows:
    dependency: transitive
    description:
      name: path_provider_windows
      sha256: f53720498d5a543f9607db4b0e997c4b5438884de25b0f73098cc2671a51b130
      url: "https://pub.dev"
    source: hosted
    version: "2.1.5"
  petitparser:
    dependency: transitive
    description:
      name: petitparser
      sha256: "49392a45ced973e8d94a85fdb21293fbb40ba805fc49f2965101ae748a3683b4"
      url: "https://pub.dev"
    source: hosted
    version: "5.1.0"
  platform:
    dependency: transitive
    description:
      name: platform
      sha256: "4a451831508d7d6ca779f7ac6e212b4023dd5a7d08a27a63da33756410e32b76"
      url: "https://pub.dev"
    source: hosted
    version: "3.1.0"
  plugin_platform_interface:
    dependency: transitive
    description:
      name: plugin_platform_interface
      sha256: "4820fbfdb9478b1ebae27888254d445073732dae3d6ea81f0b7e06d5dedc3f02"
      url: "https://pub.dev"
    source: hosted
    version: "2.1.8"
  process:
    dependency: transitive
    description:
      name: process
      sha256: "53fd8db9cec1d37b0574e12f07520d582019cb6c44abf5479a01505099a34a09"
      url: "https://pub.dev"
    source: hosted
    version: "4.2.4"
  qr:
    dependency: transitive
    description:
      name: qr
      sha256: "5c4208b4dc0d55c3184d10d83ee0ded6212dc2b5e2ba17c5a0c0aab279128d21"
      url: "https://pub.dev"
    source: hosted
    version: "2.1.0"
  qr_flutter:
    dependency: "direct main"
    description:
      name: qr_flutter
      sha256: c5c121c54cb6dd837b9b9d57eb7bc7ec6df4aee741032060c8833a678c80b87e
      url: "https://pub.dev"
    source: hosted
    version: "4.0.0"
  sky_engine:
    dependency: transitive
    description: flutter
    source: sdk
    version: "0.0.99"
  source_span:
    dependency: transitive
    description:
      name: source_span
      sha256: "53e943d4206a5e30df338fd4c6e7a077e02254531b138a15aec3bd143c1a8b3c"
      url: "https://pub.dev"
    source: hosted
    version: "1.10.0"
  stack_trace:
    dependency: transitive
    description:
      name: stack_trace
      sha256: "73713990125a6d93122541237550ee3352a2d84baad52d375a4cad2eb9b7ce0b"
      url: "https://pub.dev"
    source: hosted
    version: "1.11.1"
  stream_channel:
    dependency: transitive
    description:
      name: stream_channel
      sha256: ba2aa5d8cc609d96bbb2899c28934f9e1af5cddbd60a827822ea467161eb54e7
      url: "https://pub.dev"
    source: hosted
    version: "2.1.2"
  string_scanner:
    dependency: transitive
    description:
      name: string_scanner
      sha256: "556692adab6cfa87322a115640c11f13cb77b3f076ddcc5d6ae3c20242bedcde"
      url: "https://pub.dev"
    source: hosted
    version: "1.2.0"
  term_glyph:
    dependency: transitive
    description:
      name: term_glyph
      sha256: a29248a84fbb7c79282b40b8c72a1209db169a2e0542bce341da992fe1bc7e84
      url: "https://pub.dev"
    source: hosted
    version: "1.2.1"
  test_api:
    dependency: transitive
    description:
      name: test_api
      sha256: "5b8a98dafc4d5c4c9c72d8b31ab2b23fc13422348d2997120294d3bac86b4ddb"
      url: "https://pub.dev"
    source: hosted
    version: "0.7.2"
  typed_data:
    dependency: transitive
    description:
      name: typed_data
      sha256: "26f87ade979c47a150c9eaab93ccd2bebe70a27dc0b4b29517f2904f04eb11a5"
      url: "https://pub.dev"
    source: hosted
    version: "1.3.1"
  vector_graphics:
    dependency: transitive
    description:
      name: vector_graphics
      sha256: "4cf8e60dbe4d3a693d37dff11255a172594c0793da542183cbfe7fe978ae4aaa"
      url: "https://pub.dev"
    source: hosted
    version: "1.1.4"
  vector_graphics_codec:
    dependency: transitive
    description:
      name: vector_graphics_codec
      sha256: "278ad5f816f58b1967396d1f78ced470e3e58c9fe4b27010102c0a595c764468"
      url: "https://pub.dev"
    source: hosted
    version: "1.1.4"
  vector_graphics_compiler:
    dependency: transitive
    description:
      name: vector_graphics_compiler
      sha256: "0bf61ad56e6fd6688a2865d3ceaea396bc6a0a90ea0d7ad5049b1b76c09d6163"
      url: "https://pub.dev"
    source: hosted
    version: "1.1.4"
  vector_math:
    dependency: transitive
    description:
      name: vector_math
      sha256: "80b3257d1492ce4d091729e3a67a60407d227c27241d6927be0130c98e741803"
      url: "https://pub.dev"
    source: hosted
    version: "2.1.4"
  vm_service:
    dependency: transitive
    description:
      name: vm_service
      sha256: "5c5f338a667b4c644744b661f309fb8080bb94b18a7e91ef1dbd343bed00ed6d"
      url: "https://pub.dev"
    source: hosted
    version: "14.2.5"
  web:
    dependency: transitive
    description:
      name: web
      sha256: "868d88a33d8a87b18ffc05f9f030ba328ffefba92d6c127917a2ba740f9cfe4a"
      url: "https://pub.dev"
    source: hosted
    version: "1.1.1"
  win32:
    dependency: "direct overridden"
    description:
      name: win32
      sha256: a79dbe579cb51ecd6d30b17e0cae4e0ea15e2c0e66f69ad4198f22a6789e94f4
      url: "https://pub.dev"
    source: hosted
    version: "5.5.1"
  xdg_directories:
    dependency: transitive
    description:
      name: xdg_directories
      sha256: ee1505df1426458f7f60aac270645098d318a8b4766d85fde75f76f2e21807d1
      url: "https://pub.dev"
    source: hosted
    version: "1.0.0"
  xml:
    dependency: transitive
    description:
      name: xml
      sha256: "979ee37d622dec6365e2efa4d906c37470995871fe9ae080d967e192d88286b5"
      url: "https://pub.dev"
    source: hosted
    version: "6.2.2"
sdks:
  dart: ">=3.4.0 <4.0.0"
  flutter: ">=3.22.0"
